// !$*UTF8*$!
{
	archiveVersion = 1;
	classes = {
	};
	objectVersion = 46;
	objects = {

/* Begin PBXBuildFile section */
		5B0738F8192BBEB300AA0299 /* SQLAnnotations.m in Sources */ = {isa = PBXBuildFile; fileRef = 5B0738F7192BBEB300AA0299 /* SQLAnnotations.m */; };
		5B1F4A86192A6B6F00158200 /* SQLEntity.h in Headers */ = {isa = PBXBuildFile; fileRef = 5B1F4A84192A6B6F00158200 /* SQLEntity.h */; };
		5B1F4A87192A6B6F00158200 /* SQLEntity.m in Sources */ = {isa = PBXBuildFile; fileRef = 5B1F4A85192A6B6F00158200 /* SQLEntity.m */; };
		5B1F4AA4192A6E9400158200 /* SQLEntityTest.m in Sources */ = {isa = PBXBuildFile; fileRef = 5B1F4AA2192A6E9400158200 /* SQLEntityTest.m */; };
		5B1F4AA8192A6F9800158200 /* SQLTestBottle.m in Sources */ = {isa = PBXBuildFile; fileRef = 5B1F4AA7192A6F9800158200 /* SQLTestBottle.m */; };
		5B1F4AA9192A700400158200 /* libSQLModel.a in Frameworks */ = {isa = PBXBuildFile; fileRef = 5B1F4A5A192A6AAB00158200 /* libSQLModel.a */; };
		5B1F4AAC192A70B300158200 /* SQLProperty.h in Headers */ = {isa = PBXBuildFile; fileRef = 5B1F4AAA192A70B300158200 /* SQLProperty.h */; };
		5B1F4AAD192A70B300158200 /* SQLProperty.m in Sources */ = {isa = PBXBuildFile; fileRef = 5B1F4AAB192A70B300158200 /* SQLProperty.m */; };
		5B1F4AAF192A8E1500158200 /* SQLAssert.h in Headers */ = {isa = PBXBuildFile; fileRef = 5B1F4AAE192A8E1500158200 /* SQLAssert.h */; };
		5B1F4AB1192A914F00158200 /* SQLAssert.m in Sources */ = {isa = PBXBuildFile; fileRef = 5B1F4AB0192A914F00158200 /* SQLAssert.m */; };
		5B4275221936684E008ED30E /* SQLWhere.h in Headers */ = {isa = PBXBuildFile; fileRef = 5B4275201936684E008ED30E /* SQLWhere.h */; };
		5B4275231936684E008ED30E /* SQLWhere.m in Sources */ = {isa = PBXBuildFile; fileRef = 5B4275211936684E008ED30E /* SQLWhere.m */; };
		5B42752619366873008ED30E /* SQLColumn.h in Headers */ = {isa = PBXBuildFile; fileRef = 5B42752419366873008ED30E /* SQLColumn.h */; };
		5B42752719366873008ED30E /* SQLColumn.m in Sources */ = {isa = PBXBuildFile; fileRef = 5B42752519366873008ED30E /* SQLColumn.m */; };
		5B42752A1936717A008ED30E /* SQLString.h in Headers */ = {isa = PBXBuildFile; fileRef = 5B4275281936717A008ED30E /* SQLString.h */; };
		5B42752B1936717A008ED30E /* SQLString.m in Sources */ = {isa = PBXBuildFile; fileRef = 5B4275291936717A008ED30E /* SQLString.m */; };
		5B42752E19367E09008ED30E /* SQLObject.h in Headers */ = {isa = PBXBuildFile; fileRef = 5B42752C19367E09008ED30E /* SQLObject.h */; };
		5B42752F19367E09008ED30E /* SQLObject.m in Sources */ = {isa = PBXBuildFile; fileRef = 5B42752D19367E09008ED30E /* SQLObject.m */; };
		5B52A44A192C941900495FDF /* SQLPropertyTest.m in Sources */ = {isa = PBXBuildFile; fileRef = 5B52A449192C941900495FDF /* SQLPropertyTest.m */; };
/* End PBXBuildFile section */

/* Begin PBXContainerItemProxy section */
		5B1F4A9A192A6E5400158200 /* PBXContainerItemProxy */ = {
			isa = PBXContainerItemProxy;
			containerPortal = 5B1F4A52192A6AAB00158200 /* Project object */;
			proxyType = 1;
			remoteGlobalIDString = 5B1F4A59192A6AAB00158200;
			remoteInfo = "SQL Model";
		};
/* End PBXContainerItemProxy section */

/* Begin PBXFileReference section */
		5B0738F7192BBEB300AA0299 /* SQLAnnotations.m */ = {isa = PBXFileReference; fileEncoding = 4; lastKnownFileType = sourcecode.c.objc; path = SQLAnnotations.m; sourceTree = SOURCE_ROOT; };
		5B1F4A5A192A6AAB00158200 /* libSQLModel.a */ = {isa = PBXFileReference; explicitFileType = archive.ar; includeInIndex = 0; path = libSQLModel.a; sourceTree = BUILT_PRODUCTS_DIR; };
		5B1F4A84192A6B6F00158200 /* SQLEntity.h */ = {isa = PBXFileReference; fileEncoding = 4; lastKnownFileType = sourcecode.c.h; path = SQLEntity.h; sourceTree = SOURCE_ROOT; };
		5B1F4A85192A6B6F00158200 /* SQLEntity.m */ = {isa = PBXFileReference; fileEncoding = 4; lastKnownFileType = sourcecode.c.objc; path = SQLEntity.m; sourceTree = SOURCE_ROOT; };
		5B1F4A88192A6CEC00158200 /* SQLAnnotations.h */ = {isa = PBXFileReference; lastKnownFileType = sourcecode.c.h; path = SQLAnnotations.h; sourceTree = SOURCE_ROOT; };
		5B1F4A8D192A6E5400158200 /* SQLTests.xctest */ = {isa = PBXFileReference; explicitFileType = wrapper.cfbundle; includeInIndex = 0; path = SQLTests.xctest; sourceTree = BUILT_PRODUCTS_DIR; };
		5B1F4AA0192A6E9400158200 /* Info.plist */ = {isa = PBXFileReference; fileEncoding = 4; lastKnownFileType = text.plist.xml; path = Info.plist; sourceTree = "<group>"; };
		5B1F4AA2192A6E9400158200 /* SQLEntityTest.m */ = {isa = PBXFileReference; fileEncoding = 4; lastKnownFileType = sourcecode.c.objc; path = SQLEntityTest.m; sourceTree = "<group>"; };
		5B1F4AA6192A6F9800158200 /* SQLTestBottle.h */ = {isa = PBXFileReference; fileEncoding = 4; lastKnownFileType = sourcecode.c.h; path = SQLTestBottle.h; sourceTree = "<group>"; };
		5B1F4AA7192A6F9800158200 /* SQLTestBottle.m */ = {isa = PBXFileReference; fileEncoding = 4; lastKnownFileType = sourcecode.c.objc; path = SQLTestBottle.m; sourceTree = "<group>"; };
		5B1F4AAA192A70B300158200 /* SQLProperty.h */ = {isa = PBXFileReference; fileEncoding = 4; lastKnownFileType = sourcecode.c.h; path = SQLProperty.h; sourceTree = SOURCE_ROOT; };
		5B1F4AAB192A70B300158200 /* SQLProperty.m */ = {isa = PBXFileReference; fileEncoding = 4; lastKnownFileType = sourcecode.c.objc; path = SQLProperty.m; sourceTree = SOURCE_ROOT; };
		5B1F4AAE192A8E1500158200 /* SQLAssert.h */ = {isa = PBXFileReference; fileEncoding = 4; lastKnownFileType = sourcecode.c.h; path = SQLAssert.h; sourceTree = SOURCE_ROOT; };
		5B1F4AB0192A914F00158200 /* SQLAssert.m */ = {isa = PBXFileReference; fileEncoding = 4; lastKnownFileType = sourcecode.c.objc; path = SQLAssert.m; sourceTree = SOURCE_ROOT; };
		5B4275201936684E008ED30E /* SQLWhere.h */ = {isa = PBXFileReference; fileEncoding = 4; lastKnownFileType = sourcecode.c.h; path = SQLWhere.h; sourceTree = SOURCE_ROOT; };
		5B4275211936684E008ED30E /* SQLWhere.m */ = {isa = PBXFileReference; fileEncoding = 4; lastKnownFileType = sourcecode.c.objc; path = SQLWhere.m; sourceTree = SOURCE_ROOT; };
		5B42752419366873008ED30E /* SQLColumn.h */ = {isa = PBXFileReference; fileEncoding = 4; lastKnownFileType = sourcecode.c.h; path = SQLColumn.h; sourceTree = SOURCE_ROOT; };
		5B42752519366873008ED30E /* SQLColumn.m */ = {isa = PBXFileReference; fileEncoding = 4; lastKnownFileType = sourcecode.c.objc; path = SQLColumn.m; sourceTree = SOURCE_ROOT; };
		5B4275281936717A008ED30E /* SQLString.h */ = {isa = PBXFileReference; fileEncoding = 4; lastKnownFileType = sourcecode.c.h; path = SQLString.h; sourceTree = SOURCE_ROOT; };
		5B4275291936717A008ED30E /* SQLString.m */ = {isa = PBXFileReference; fileEncoding = 4; lastKnownFileType = sourcecode.c.objc; path = SQLString.m; sourceTree = SOURCE_ROOT; };
		5B42752C19367E09008ED30E /* SQLObject.h */ = {isa = PBXFileReference; fileEncoding = 4; lastKnownFileType = sourcecode.c.h; path = SQLObject.h; sourceTree = SOURCE_ROOT; };
		5B42752D19367E09008ED30E /* SQLObject.m */ = {isa = PBXFileReference; fileEncoding = 4; lastKnownFileType = sourcecode.c.objc; path = SQLObject.m; sourceTree = SOURCE_ROOT; };
		5B52A449192C941900495FDF /* SQLPropertyTest.m */ = {isa = PBXFileReference; fileEncoding = 4; lastKnownFileType = sourcecode.c.objc; path = SQLPropertyTest.m; sourceTree = "<group>"; };
/* End PBXFileReference section */

/* Begin PBXFrameworksBuildPhase section */
		5B1F4A57192A6AAB00158200 /* Frameworks */ = {
			isa = PBXFrameworksBuildPhase;
			buildActionMask = 2147483647;
			files = (
			);
			runOnlyForDeploymentPostprocessing = 0;
		};
		5B1F4A8A192A6E5400158200 /* Frameworks */ = {
			isa = PBXFrameworksBuildPhase;
			buildActionMask = 2147483647;
			files = (
				5B1F4AA9192A700400158200 /* libSQLModel.a in Frameworks */,
			);
			runOnlyForDeploymentPostprocessing = 0;
		};
/* End PBXFrameworksBuildPhase section */

/* Begin PBXGroup section */
		5B1F4A51192A6AAB00158200 = {
			isa = PBXGroup;
			children = (
				5B1F4A63192A6AAB00158200 /* Sources */,
				5B1F4A9F192A6E9400158200 /* Tests */,
				5B1F4A5B192A6AAB00158200 /* Products */,
			);
			sourceTree = "<group>";
		};
		5B1F4A5B192A6AAB00158200 /* Products */ = {
			isa = PBXGroup;
			children = (
				5B1F4A5A192A6AAB00158200 /* libSQLModel.a */,
				5B1F4A8D192A6E5400158200 /* SQLTests.xctest */,
			);
			name = Products;
			sourceTree = "<group>";
		};
		5B1F4A63192A6AAB00158200 /* Sources */ = {
			isa = PBXGroup;
			children = (
				5B1F4A84192A6B6F00158200 /* SQLEntity.h */,
				5B1F4A85192A6B6F00158200 /* SQLEntity.m */,
				5B1F4A88192A6CEC00158200 /* SQLAnnotations.h */,
				5B0738F7192BBEB300AA0299 /* SQLAnnotations.m */,
				5B1F4AAE192A8E1500158200 /* SQLAssert.h */,
				5B1F4AB0192A914F00158200 /* SQLAssert.m */,
				5B1F4AAA192A70B300158200 /* SQLProperty.h */,
				5B1F4AAB192A70B300158200 /* SQLProperty.m */,
				5B42752C19367E09008ED30E /* SQLObject.h */,
				5B42752D19367E09008ED30E /* SQLObject.m */,
				5B42752419366873008ED30E /* SQLColumn.h */,
				5B42752519366873008ED30E /* SQLColumn.m */,
				5B4275201936684E008ED30E /* SQLWhere.h */,
				5B4275211936684E008ED30E /* SQLWhere.m */,
				5B4275281936717A008ED30E /* SQLString.h */,
				5B4275291936717A008ED30E /* SQLString.m */,
			);
			name = Sources;
			path = "SQL Model";
			sourceTree = "<group>";
		};
		5B1F4A9F192A6E9400158200 /* Tests */ = {
			isa = PBXGroup;
			children = (
				5B1F4AA0192A6E9400158200 /* Info.plist */,
				5B1F4AA2192A6E9400158200 /* SQLEntityTest.m */,
				5B52A449192C941900495FDF /* SQLPropertyTest.m */,
				5B1F4AA5192A6F8900158200 /* Supporting Files */,
			);
			path = Tests;
			sourceTree = "<group>";
		};
		5B1F4AA5192A6F8900158200 /* Supporting Files */ = {
			isa = PBXGroup;
			children = (
				5B1F4AA6192A6F9800158200 /* SQLTestBottle.h */,
				5B1F4AA7192A6F9800158200 /* SQLTestBottle.m */,
			);
			path = "Supporting Files";
			sourceTree = "<group>";
		};
/* End PBXGroup section */

/* Begin PBXHeadersBuildPhase section */
		5B1F4A58192A6AAB00158200 /* Headers */ = {
			isa = PBXHeadersBuildPhase;
			buildActionMask = 2147483647;
			files = (
				5B1F4AAC192A70B300158200 /* SQLProperty.h in Headers */,
				5B42752E19367E09008ED30E /* SQLObject.h in Headers */,
				5B1F4A86192A6B6F00158200 /* SQLEntity.h in Headers */,
				5B42752A1936717A008ED30E /* SQLString.h in Headers */,
				5B42752619366873008ED30E /* SQLColumn.h in Headers */,
				5B1F4AAF192A8E1500158200 /* SQLAssert.h in Headers */,
				5B4275221936684E008ED30E /* SQLWhere.h in Headers */,
			);
			runOnlyForDeploymentPostprocessing = 0;
		};
/* End PBXHeadersBuildPhase section */

/* Begin PBXNativeTarget section */
		5B1F4A59192A6AAB00158200 /* SQL Model */ = {
			isa = PBXNativeTarget;
			buildConfigurationList = 5B1F4A7E192A6AAB00158200 /* Build configuration list for PBXNativeTarget "SQL Model" */;
			buildPhases = (
				5B1F4A56192A6AAB00158200 /* Sources */,
				5B1F4A57192A6AAB00158200 /* Frameworks */,
				5B1F4A58192A6AAB00158200 /* Headers */,
			);
			buildRules = (
			);
			dependencies = (
			);
			name = "SQL Model";
			productName = "SQL Model";
			productReference = 5B1F4A5A192A6AAB00158200 /* libSQLModel.a */;
			productType = "com.apple.product-type.library.static";
		};
		5B1F4A8C192A6E5400158200 /* SQL Tests */ = {
			isa = PBXNativeTarget;
			buildConfigurationList = 5B1F4A9C192A6E5400158200 /* Build configuration list for PBXNativeTarget "SQL Tests" */;
			buildPhases = (
				5B1F4A89192A6E5400158200 /* Sources */,
				5B1F4A8A192A6E5400158200 /* Frameworks */,
				5B1F4A8B192A6E5400158200 /* Resources */,
			);
			buildRules = (
			);
			dependencies = (
				5B1F4A9B192A6E5400158200 /* PBXTargetDependency */,
			);
			name = "SQL Tests";
			productName = "SQL Model Tests";
			productReference = 5B1F4A8D192A6E5400158200 /* SQLTests.xctest */;
			productType = "com.apple.product-type.bundle.unit-test";
		};
/* End PBXNativeTarget section */

/* Begin PBXProject section */
		5B1F4A52192A6AAB00158200 /* Project object */ = {
			isa = PBXProject;
			attributes = {
				CLASSPREFIX = SQL;
				LastUpgradeCheck = 0510;
				ORGANIZATIONNAME = Triceratops;
				TargetAttributes = {
					5B1F4A8C192A6E5400158200 = {
						TestTargetID = 5B1F4A59192A6AAB00158200;
					};
				};
			};
			buildConfigurationList = 5B1F4A55192A6AAB00158200 /* Build configuration list for PBXProject "SQL Model" */;
			compatibilityVersion = "Xcode 3.2";
			developmentRegion = English;
			hasScannedForEncodings = 0;
			knownRegions = (
				en,
			);
			mainGroup = 5B1F4A51192A6AAB00158200;
			productRefGroup = 5B1F4A5B192A6AAB00158200 /* Products */;
			projectDirPath = "";
			projectRoot = "";
			targets = (
				5B1F4A59192A6AAB00158200 /* SQL Model */,
				5B1F4A8C192A6E5400158200 /* SQL Tests */,
			);
		};
/* End PBXProject section */

/* Begin PBXResourcesBuildPhase section */
		5B1F4A8B192A6E5400158200 /* Resources */ = {
			isa = PBXResourcesBuildPhase;
			buildActionMask = 2147483647;
			files = (
			);
			runOnlyForDeploymentPostprocessing = 0;
		};
/* End PBXResourcesBuildPhase section */

/* Begin PBXSourcesBuildPhase section */
		5B1F4A56192A6AAB00158200 /* Sources */ = {
			isa = PBXSourcesBuildPhase;
			buildActionMask = 2147483647;
			files = (
				5B1F4A87192A6B6F00158200 /* SQLEntity.m in Sources */,
				5B42752719366873008ED30E /* SQLColumn.m in Sources */,
				5B0738F8192BBEB300AA0299 /* SQLAnnotations.m in Sources */,
				5B4275231936684E008ED30E /* SQLWhere.m in Sources */,
				5B1F4AAD192A70B300158200 /* SQLProperty.m in Sources */,
				5B42752F19367E09008ED30E /* SQLObject.m in Sources */,
				5B1F4AB1192A914F00158200 /* SQLAssert.m in Sources */,
				5B42752B1936717A008ED30E /* SQLString.m in Sources */,
			);
			runOnlyForDeploymentPostprocessing = 0;
		};
		5B1F4A89192A6E5400158200 /* Sources */ = {
			isa = PBXSourcesBuildPhase;
			buildActionMask = 2147483647;
			files = (
				5B1F4AA8192A6F9800158200 /* SQLTestBottle.m in Sources */,
				5B1F4AA4192A6E9400158200 /* SQLEntityTest.m in Sources */,
				5B52A44A192C941900495FDF /* SQLPropertyTest.m in Sources */,
			);
			runOnlyForDeploymentPostprocessing = 0;
		};
/* End PBXSourcesBuildPhase section */

/* Begin PBXTargetDependency section */
		5B1F4A9B192A6E5400158200 /* PBXTargetDependency */ = {
			isa = PBXTargetDependency;
			target = 5B1F4A59192A6AAB00158200 /* SQL Model */;
			targetProxy = 5B1F4A9A192A6E5400158200 /* PBXContainerItemProxy */;
		};
/* End PBXTargetDependency section */

/* Begin XCBuildConfiguration section */
		5B1F4A7C192A6AAB00158200 /* Debug */ = {
			isa = XCBuildConfiguration;
			buildSettings = {
				ALWAYS_SEARCH_USER_PATHS = NO;
				CLANG_ANALYZER_SECURITY_FLOATLOOPCOUNTER = YES;
				CLANG_ANALYZER_SECURITY_INSECUREAPI_RAND = YES;
				CLANG_ANALYZER_SECURITY_INSECUREAPI_STRCPY = YES;
				CLANG_CXX_LANGUAGE_STANDARD = "gnu++0x";
				CLANG_CXX_LIBRARY = "libc++";
				CLANG_ENABLE_MODULES = YES;
				CLANG_ENABLE_OBJC_ARC = YES;
				CLANG_WARN_BOOL_CONVERSION = YES;
				CLANG_WARN_CONSTANT_CONVERSION = YES;
				CLANG_WARN_DEPRECATED_OBJC_IMPLEMENTATIONS = YES;
				CLANG_WARN_DIRECT_OBJC_ISA_USAGE = YES_ERROR;
				CLANG_WARN_EMPTY_BODY = YES;
				CLANG_WARN_ENUM_CONVERSION = YES;
				CLANG_WARN_INT_CONVERSION = YES;
				CLANG_WARN_OBJC_REPEATED_USE_OF_WEAK = YES;
				CLANG_WARN_OBJC_ROOT_CLASS = YES_ERROR;
				CLANG_WARN__DUPLICATE_METHOD_MATCH = YES;
				COPY_PHASE_STRIP = NO;
				GCC_C_LANGUAGE_STANDARD = gnu99;
				GCC_DYNAMIC_NO_PIC = NO;
				GCC_ENABLE_OBJC_EXCEPTIONS = YES;
				GCC_OPTIMIZATION_LEVEL = 0;
				GCC_PREPROCESSOR_DEFINITIONS = (
					"DEBUG=1",
					"$(inherited)",
				);
				GCC_SYMBOLS_PRIVATE_EXTERN = NO;
				GCC_TREAT_INCOMPATIBLE_POINTER_TYPE_WARNINGS_AS_ERRORS = YES;
				GCC_WARN_64_TO_32_BIT_CONVERSION = YES;
				GCC_WARN_ABOUT_MISSING_NEWLINE = YES;
				GCC_WARN_ABOUT_MISSING_PROTOTYPES = YES;
				GCC_WARN_ABOUT_RETURN_TYPE = YES_ERROR;
				GCC_WARN_FOUR_CHARACTER_CONSTANTS = YES;
				GCC_WARN_UNDECLARED_SELECTOR = YES;
				GCC_WARN_UNINITIALIZED_AUTOS = YES_AGGRESSIVE;
				GCC_WARN_UNKNOWN_PRAGMAS = YES;
				GCC_WARN_UNUSED_FUNCTION = YES;
				GCC_WARN_UNUSED_LABEL = YES;
				GCC_WARN_UNUSED_VARIABLE = YES;
				MACOSX_DEPLOYMENT_TARGET = 10.9;
				ONLY_ACTIVE_ARCH = YES;
				OTHER_LDFLAGS = "-ObjC";
				RUN_CLANG_STATIC_ANALYZER = YES;
				SDKROOT = macosx;
			};
			name = Debug;
		};
		5B1F4A7D192A6AAB00158200 /* Release */ = {
			isa = XCBuildConfiguration;
			buildSettings = {
				ALWAYS_SEARCH_USER_PATHS = NO;
				CLANG_ANALYZER_SECURITY_FLOATLOOPCOUNTER = YES;
				CLANG_ANALYZER_SECURITY_INSECUREAPI_RAND = YES;
				CLANG_ANALYZER_SECURITY_INSECUREAPI_STRCPY = YES;
				CLANG_CXX_LANGUAGE_STANDARD = "gnu++0x";
				CLANG_CXX_LIBRARY = "libc++";
				CLANG_ENABLE_MODULES = YES;
				CLANG_ENABLE_OBJC_ARC = YES;
				CLANG_WARN_BOOL_CONVERSION = YES;
				CLANG_WARN_CONSTANT_CONVERSION = YES;
				CLANG_WARN_DEPRECATED_OBJC_IMPLEMENTATIONS = YES;
				CLANG_WARN_DIRECT_OBJC_ISA_USAGE = YES_ERROR;
				CLANG_WARN_EMPTY_BODY = YES;
				CLANG_WARN_ENUM_CONVERSION = YES;
				CLANG_WARN_INT_CONVERSION = YES;
				CLANG_WARN_OBJC_REPEATED_USE_OF_WEAK = YES;
				CLANG_WARN_OBJC_ROOT_CLASS = YES_ERROR;
				CLANG_WARN__DUPLICATE_METHOD_MATCH = YES;
				COPY_PHASE_STRIP = YES;
				DEBUG_INFORMATION_FORMAT = "dwarf-with-dsym";
				ENABLE_NS_ASSERTIONS = NO;
				GCC_C_LANGUAGE_STANDARD = gnu99;
				GCC_ENABLE_OBJC_EXCEPTIONS = YES;
				GCC_TREAT_INCOMPATIBLE_POINTER_TYPE_WARNINGS_AS_ERRORS = YES;
				GCC_WARN_64_TO_32_BIT_CONVERSION = YES;
				GCC_WARN_ABOUT_MISSING_NEWLINE = YES;
				GCC_WARN_ABOUT_MISSING_PROTOTYPES = YES;
				GCC_WARN_ABOUT_RETURN_TYPE = YES_ERROR;
				GCC_WARN_FOUR_CHARACTER_CONSTANTS = YES;
				GCC_WARN_UNDECLARED_SELECTOR = YES;
				GCC_WARN_UNINITIALIZED_AUTOS = YES_AGGRESSIVE;
				GCC_WARN_UNKNOWN_PRAGMAS = YES;
				GCC_WARN_UNUSED_FUNCTION = YES;
				GCC_WARN_UNUSED_LABEL = YES;
				GCC_WARN_UNUSED_VARIABLE = YES;
				MACOSX_DEPLOYMENT_TARGET = 10.9;
				OTHER_LDFLAGS = "-ObjC";
				RUN_CLANG_STATIC_ANALYZER = YES;
				SDKROOT = macosx;
			};
			name = Release;
		};
		5B1F4A7F192A6AAB00158200 /* Debug */ = {
			isa = XCBuildConfiguration;
			buildSettings = {
				CLANG_STATIC_ANALYZER_MODE = deep;
				PRODUCT_NAME = SQLModel;
			};
			name = Debug;
		};
		5B1F4A80192A6AAB00158200 /* Release */ = {
			isa = XCBuildConfiguration;
			buildSettings = {
				CLANG_STATIC_ANALYZER_MODE = deep;
				PRODUCT_NAME = SQLModel;
			};
			name = Release;
		};
		5B1F4A9D192A6E5400158200 /* Debug */ = {
			isa = XCBuildConfiguration;
			buildSettings = {
				FRAMEWORK_SEARCH_PATHS = (
					"$(DEVELOPER_FRAMEWORKS_DIR)",
					"$(inherited)",
				);
				GCC_PREPROCESSOR_DEFINITIONS = (
					"DEBUG=1",
					"$(inherited)",
				);
				INFOPLIST_FILE = Tests/Info.plist;
				PRODUCT_NAME = SQLTests;
				WRAPPER_EXTENSION = xctest;
			};
			name = Debug;
		};
		5B1F4A9E192A6E5400158200 /* Release */ = {
			isa = XCBuildConfiguration;
			buildSettings = {
				FRAMEWORK_SEARCH_PATHS = (
					"$(DEVELOPER_FRAMEWORKS_DIR)",
					"$(inherited)",
				);
				INFOPLIST_FILE = Tests/Info.plist;
				PRODUCT_NAME = SQLTests;
				WRAPPER_EXTENSION = xctest;
			};
			name = Release;
		};
/* End XCBuildConfiguration section */

/* Begin XCConfigurationList section */
		5B1F4A55192A6AAB00158200 /* Build configuration list for PBXProject "SQL Model" */ = {
			isa = XCConfigurationList;
			buildConfigurations = (
				5B1F4A7C192A6AAB00158200 /* Debug */,
				5B1F4A7D192A6AAB00158200 /* Release */,
			);
			defaultConfigurationIsVisible = 0;
			defaultConfigurationName = Release;
		};
		5B1F4A7E192A6AAB00158200 /* Build configuration list for PBXNativeTarget "SQL Model" */ = {
			isa = XCConfigurationList;
			buildConfigurations = (
				5B1F4A7F192A6AAB00158200 /* Debug */,
				5B1F4A80192A6AAB00158200 /* Release */,
			);
			defaultConfigurationIsVisible = 0;
			defaultConfigurationName = Release;
		};
		5B1F4A9C192A6E5400158200 /* Build configuration list for PBXNativeTarget "SQL Tests" */ = {
			isa = XCConfigurationList;
			buildConfigurations = (
				5B1F4A9D192A6E5400158200 /* Debug */,
				5B1F4A9E192A6E5400158200 /* Release */,
			);
			defaultConfigurationIsVisible = 0;
			defaultConfigurationName = Release;
		};
/* End XCConfigurationList section */
	};
	rootObject = 5B1F4A52192A6AAB00158200 /* Project object */;
}
